
Microsoft Visual Studio Solution File, Format Version 12.00
# Visual Studio Version 17
VisualStudioVersion = 17.7.34024.191
MinimumVisualStudioVersion = 10.0.40219.1
Project("{FAE04EC0-301F-11D3-BF4B-00C04F79EFBC}") = "Student-Portal", "Student-Portal\Student-Portal.csproj", "{FCDC7154-6EB1-4675-A7EE-EFC1AD9A4CDD}"
EndProject
Global
	GlobalSection(SolutionConfigurationPlatforms) = preSolution
		Debug|Any CPU = Debug|Any CPU
		Release|Any CPU = Release|Any CPU
	EndGlobalSection
	GlobalSection(ProjectConfigurationPlatforms) = postSolution
		{FCDC7154-6EB1-4675-A7EE-EFC1AD9A4CDD}.Debug|Any CPU.ActiveCfg = Debug|Any CPU
		{FCDC7154-6EB1-4675-A7EE-EFC1AD9A4CDD}.Debug|Any CPU.Build.0 = Debug|Any CPU
		{FCDC7154-6EB1-4675-A7EE-EFC1AD9A4CDD}.Release|Any CPU.ActiveCfg = Release|Any CPU
		{FCDC7154-6EB1-4675-A7EE-EFC1AD9A4CDD}.Release|Any CPU.Build.0 = Release|Any CPU
	EndGlobalSection
	GlobalSection(SolutionProperties) = preSolution
		HideSolutionNode = FALSE
	EndGlobalSection
	GlobalSection(ExtensibilityGlobals) = postSolution
		SolutionGuid = {5B9DCF36-1E52-4D63-A9AC-3158C53DF99E}
	EndGlobalSection
EndGlobal
